
Microsoft Visual Studio Solution File, Format Version 12.00
# Visual Studio Version 17
VisualStudioVersion = 17.0.32014.148
MinimumVisualStudioVersion = 10.0.40219.1
Project("{9092AA53-FB77-4645-B42D-1CCCA6BD08BD}") = "PlaneBrazil", "PlaneBrazil\PlaneBrazil.njsproj", "{F9F55C6E-F351-47EA-9175-153E94F609C1}"
EndProject
Global
	GlobalSection(SolutionConfigurationPlatforms) = preSolution
		Debug|Any CPU = Debug|Any CPU
		Release|Any CPU = Release|Any CPU
	EndGlobalSection
	GlobalSection(ProjectConfigurationPlatforms) = postSolution
		{F9F55C6E-F351-47EA-9175-153E94F609C1}.Debug|Any CPU.ActiveCfg = Debug|Any CPU
		{F9F55C6E-F351-47EA-9175-153E94F609C1}.Debug|Any CPU.Build.0 = Debug|Any CPU
		{F9F55C6E-F351-47EA-9175-153E94F609C1}.Release|Any CPU.ActiveCfg = Release|Any CPU
		{F9F55C6E-F351-47EA-9175-153E94F609C1}.Release|Any CPU.Build.0 = Release|Any CPU
	EndGlobalSection
	GlobalSection(SolutionProperties) = preSolution
		HideSolutionNode = FALSE
	EndGlobalSection
	GlobalSection(ExtensibilityGlobals) = postSolution
		SolutionGuid = {1285B6AA-4E12-40BE-AC6E-C6BA019ECE7E}
	EndGlobalSection
EndGlobal
